
Microsoft Visual Studio Solution File, Format Version 12.00
# Visual Studio Version 16
VisualStudioVersion = 16.0.30503.244
MinimumVisualStudioVersion = 10.0.40219.1
Project("{FAE04EC0-301F-11D3-BF4B-00C04F79EFBC}") = "CrackingCodeChapter1", "CrackingCodeChapter1\CrackingCodeChapter1.csproj", "{906F6FCB-D8C4-420A-94FF-2FDAD135BC9C}"
EndProject
Global
	GlobalSection(SolutionConfigurationPlatforms) = preSolution
		Debug|Any CPU = Debug|Any CPU
		Release|Any CPU = Release|Any CPU
	EndGlobalSection
	GlobalSection(ProjectConfigurationPlatforms) = postSolution
		{906F6FCB-D8C4-420A-94FF-2FDAD135BC9C}.Debug|Any CPU.ActiveCfg = Debug|Any CPU
		{906F6FCB-D8C4-420A-94FF-2FDAD135BC9C}.Debug|Any CPU.Build.0 = Debug|Any CPU
		{906F6FCB-D8C4-420A-94FF-2FDAD135BC9C}.Release|Any CPU.ActiveCfg = Release|Any CPU
		{906F6FCB-D8C4-420A-94FF-2FDAD135BC9C}.Release|Any CPU.Build.0 = Release|Any CPU
	EndGlobalSection
	GlobalSection(SolutionProperties) = preSolution
		HideSolutionNode = FALSE
	EndGlobalSection
	GlobalSection(ExtensibilityGlobals) = postSolution
		SolutionGuid = {55C7C9A3-7208-4DCB-86DA-00AFA1C39C1E}
	EndGlobalSection
EndGlobal
